{
  "name": "examples",
  "version": "1.0.0",
  "lockfileVersion": 2,
  "requires": true,
  "packages": {
    "": {
      "name": "examples",
      "version": "1.0.0",
      "license": "ISC",
      "dependencies": {
        "learningml": "^0.9.1"
      }
    },
    "node_modules/learningml": {
      "version": "0.9.1",
      "resolved": "https://registry.npmjs.org/learningml/-/learningml-0.9.1.tgz",
      "integrity": "sha512-Fg1Y/mosVTEK46aCMWVKN/4NdfPyKIxehOhoIZ2wlv+9i1r5051pwzsNxW755gYKp1b1b5w+Gg2sgv5++6pLjA=="
    }
  },
  "dependencies": {
    "learningml": {
      "version": "0.9.1",
      "resolved": "https://registry.npmjs.org/learningml/-/learningml-0.9.1.tgz",
      "integrity": "sha512-Fg1Y/mosVTEK46aCMWVKN/4NdfPyKIxehOhoIZ2wlv+9i1r5051pwzsNxW755gYKp1b1b5w+Gg2sgv5++6pLjA=="
    }
  }
}
